
Microsoft Visual Studio Solution File, Format Version 12.00
# Visual Studio Version 16
VisualStudioVersion = 16.0.30503.244
MinimumVisualStudioVersion = 10.0.40219.1
Project("{FAE04EC0-301F-11D3-BF4B-00C04F79EFBC}") = "AsyncWinform", "AsyncWinform\AsyncWinform.csproj", "{C4851333-01F0-4BEE-B3BD-A6D95A955DE0}"
EndProject
Project("{2150E333-8FDC-42A3-9474-1A3956D46DE8}") = "Winform", "Winform", "{D1D82EAD-4673-4B42-8549-6FCB984D273B}"
EndProject
Project("{2150E333-8FDC-42A3-9474-1A3956D46DE8}") = "Cache.Ruanmou", "Cache.Ruanmou", "{6A202494-4CBD-4A75-993E-838001BED8D8}"
EndProject
Project("{2150E333-8FDC-42A3-9474-1A3956D46DE8}") = "Design", "Design", "{2B3845EC-EFA6-4B4E-86ED-8DE7BCC678F6}"
EndProject
Project("{FAE04EC0-301F-11D3-BF4B-00C04F79EFBC}") = "DesinSixtenet", "DesinSixtenet\DesinSixtenet.csproj", "{C761AB42-F6D1-4FE1-8471-58705C1D7160}"
EndProject
Project("{9A19103F-16F7-4668-BE54-9A1E7A4F7556}") = "AspNetCoreIoc", "AspNetCoreIoc\AspNetCoreIoc.csproj", "{66E8927E-4920-4C10-A0C5-6AB7EEC4B340}"
EndProject
Project("{FAE04EC0-301F-11D3-BF4B-00C04F79EFBC}") = "CLRCore", "CLRCore\CLRCore.csproj", "{6E890026-55D8-439F-9D76-3054959DBAAC}"
EndProject
Project("{FAE04EC0-301F-11D3-BF4B-00C04F79EFBC}") = "Common", "Common\Common.csproj", "{51611F88-6DBF-4D74-9B19-51DE75EDFD39}"
EndProject
Project("{FAE04EC0-301F-11D3-BF4B-00C04F79EFBC}") = "MyCache", "MyCache\MyCache.csproj", "{800ABB86-1D35-442E-9612-FA0068C4127A}"
EndProject
Project("{FAE04EC0-301F-11D3-BF4B-00C04F79EFBC}") = "Ruanmou.BLL", "Ruanmou.BLL\Ruanmou.BLL.csproj", "{DC48F745-6BB4-45C0-B2F8-73D69BE1D75B}"
EndProject
Project("{FAE04EC0-301F-11D3-BF4B-00C04F79EFBC}") = "DataStructure", "DataStructure\DataStructure.csproj", "{751870F0-7F37-4050-B38C-5CDD8D9DDC86}"
EndProject
Project("{2150E333-8FDC-42A3-9474-1A3956D46DE8}") = "Expression", "Expression", "{ACF98676-E989-48F3-AC5A-EB6558F95FE9}"
EndProject
Project("{FAE04EC0-301F-11D3-BF4B-00C04F79EFBC}") = "Expresions", "Expresions\Expresions.csproj", "{A8AAC035-2B00-4133-B807-ED279B149F19}"
EndProject
Project("{FAE04EC0-301F-11D3-BF4B-00C04F79EFBC}") = "ExpressionDemo", "ExpressionDemo\ExpressionDemo\ExpressionDemo.csproj", "{E3200D65-E642-4664-B6A3-A306DCAEF269}"
EndProject
Global
	GlobalSection(SolutionConfigurationPlatforms) = preSolution
		Debug|Any CPU = Debug|Any CPU
		Release|Any CPU = Release|Any CPU
	EndGlobalSection
	GlobalSection(ProjectConfigurationPlatforms) = postSolution
		{C4851333-01F0-4BEE-B3BD-A6D95A955DE0}.Debug|Any CPU.ActiveCfg = Debug|Any CPU
		{C4851333-01F0-4BEE-B3BD-A6D95A955DE0}.Debug|Any CPU.Build.0 = Debug|Any CPU
		{C4851333-01F0-4BEE-B3BD-A6D95A955DE0}.Release|Any CPU.ActiveCfg = Release|Any CPU
		{C4851333-01F0-4BEE-B3BD-A6D95A955DE0}.Release|Any CPU.Build.0 = Release|Any CPU
		{C761AB42-F6D1-4FE1-8471-58705C1D7160}.Debug|Any CPU.ActiveCfg = Debug|Any CPU
		{C761AB42-F6D1-4FE1-8471-58705C1D7160}.Debug|Any CPU.Build.0 = Debug|Any CPU
		{C761AB42-F6D1-4FE1-8471-58705C1D7160}.Release|Any CPU.ActiveCfg = Release|Any CPU
		{C761AB42-F6D1-4FE1-8471-58705C1D7160}.Release|Any CPU.Build.0 = Release|Any CPU
		{66E8927E-4920-4C10-A0C5-6AB7EEC4B340}.Debug|Any CPU.ActiveCfg = Debug|Any CPU
		{66E8927E-4920-4C10-A0C5-6AB7EEC4B340}.Debug|Any CPU.Build.0 = Debug|Any CPU
		{66E8927E-4920-4C10-A0C5-6AB7EEC4B340}.Release|Any CPU.ActiveCfg = Release|Any CPU
		{66E8927E-4920-4C10-A0C5-6AB7EEC4B340}.Release|Any CPU.Build.0 = Release|Any CPU
		{6E890026-55D8-439F-9D76-3054959DBAAC}.Debug|Any CPU.ActiveCfg = Debug|Any CPU
		{6E890026-55D8-439F-9D76-3054959DBAAC}.Debug|Any CPU.Build.0 = Debug|Any CPU
		{6E890026-55D8-439F-9D76-3054959DBAAC}.Release|Any CPU.ActiveCfg = Release|Any CPU
		{6E890026-55D8-439F-9D76-3054959DBAAC}.Release|Any CPU.Build.0 = Release|Any CPU
		{51611F88-6DBF-4D74-9B19-51DE75EDFD39}.Debug|Any CPU.ActiveCfg = Debug|Any CPU
		{51611F88-6DBF-4D74-9B19-51DE75EDFD39}.Debug|Any CPU.Build.0 = Debug|Any CPU
		{51611F88-6DBF-4D74-9B19-51DE75EDFD39}.Release|Any CPU.ActiveCfg = Release|Any CPU
		{51611F88-6DBF-4D74-9B19-51DE75EDFD39}.Release|Any CPU.Build.0 = Release|Any CPU
		{800ABB86-1D35-442E-9612-FA0068C4127A}.Debug|Any CPU.ActiveCfg = Debug|Any CPU
		{800ABB86-1D35-442E-9612-FA0068C4127A}.Debug|Any CPU.Build.0 = Debug|Any CPU
		{800ABB86-1D35-442E-9612-FA0068C4127A}.Release|Any CPU.ActiveCfg = Release|Any CPU
		{800ABB86-1D35-442E-9612-FA0068C4127A}.Release|Any CPU.Build.0 = Release|Any CPU
		{DC48F745-6BB4-45C0-B2F8-73D69BE1D75B}.Debug|Any CPU.ActiveCfg = Debug|Any CPU
		{DC48F745-6BB4-45C0-B2F8-73D69BE1D75B}.Debug|Any CPU.Build.0 = Debug|Any CPU
		{DC48F745-6BB4-45C0-B2F8-73D69BE1D75B}.Release|Any CPU.ActiveCfg = Release|Any CPU
		{DC48F745-6BB4-45C0-B2F8-73D69BE1D75B}.Release|Any CPU.Build.0 = Release|Any CPU
		{751870F0-7F37-4050-B38C-5CDD8D9DDC86}.Debug|Any CPU.ActiveCfg = Debug|Any CPU
		{751870F0-7F37-4050-B38C-5CDD8D9DDC86}.Debug|Any CPU.Build.0 = Debug|Any CPU
		{751870F0-7F37-4050-B38C-5CDD8D9DDC86}.Release|Any CPU.ActiveCfg = Release|Any CPU
		{751870F0-7F37-4050-B38C-5CDD8D9DDC86}.Release|Any CPU.Build.0 = Release|Any CPU
		{A8AAC035-2B00-4133-B807-ED279B149F19}.Debug|Any CPU.ActiveCfg = Debug|Any CPU
		{A8AAC035-2B00-4133-B807-ED279B149F19}.Debug|Any CPU.Build.0 = Debug|Any CPU
		{A8AAC035-2B00-4133-B807-ED279B149F19}.Release|Any CPU.ActiveCfg = Release|Any CPU
		{A8AAC035-2B00-4133-B807-ED279B149F19}.Release|Any CPU.Build.0 = Release|Any CPU
		{E3200D65-E642-4664-B6A3-A306DCAEF269}.Debug|Any CPU.ActiveCfg = Debug|Any CPU
		{E3200D65-E642-4664-B6A3-A306DCAEF269}.Debug|Any CPU.Build.0 = Debug|Any CPU
		{E3200D65-E642-4664-B6A3-A306DCAEF269}.Release|Any CPU.ActiveCfg = Release|Any CPU
		{E3200D65-E642-4664-B6A3-A306DCAEF269}.Release|Any CPU.Build.0 = Release|Any CPU
	EndGlobalSection
	GlobalSection(SolutionProperties) = preSolution
		HideSolutionNode = FALSE
	EndGlobalSection
	GlobalSection(NestedProjects) = preSolution
		{C4851333-01F0-4BEE-B3BD-A6D95A955DE0} = {D1D82EAD-4673-4B42-8549-6FCB984D273B}
		{C761AB42-F6D1-4FE1-8471-58705C1D7160} = {2B3845EC-EFA6-4B4E-86ED-8DE7BCC678F6}
		{66E8927E-4920-4C10-A0C5-6AB7EEC4B340} = {2B3845EC-EFA6-4B4E-86ED-8DE7BCC678F6}
		{6E890026-55D8-439F-9D76-3054959DBAAC} = {2B3845EC-EFA6-4B4E-86ED-8DE7BCC678F6}
		{51611F88-6DBF-4D74-9B19-51DE75EDFD39} = {6A202494-4CBD-4A75-993E-838001BED8D8}
		{800ABB86-1D35-442E-9612-FA0068C4127A} = {6A202494-4CBD-4A75-993E-838001BED8D8}
		{DC48F745-6BB4-45C0-B2F8-73D69BE1D75B} = {6A202494-4CBD-4A75-993E-838001BED8D8}
		{751870F0-7F37-4050-B38C-5CDD8D9DDC86} = {2B3845EC-EFA6-4B4E-86ED-8DE7BCC678F6}
		{A8AAC035-2B00-4133-B807-ED279B149F19} = {ACF98676-E989-48F3-AC5A-EB6558F95FE9}
		{E3200D65-E642-4664-B6A3-A306DCAEF269} = {6A202494-4CBD-4A75-993E-838001BED8D8}
	EndGlobalSection
	GlobalSection(ExtensibilityGlobals) = postSolution
		SolutionGuid = {D8295871-7099-4C3B-B0C8-8314EB07AF1D}
	EndGlobalSection
EndGlobal
